
Microsoft Visual Studio Solution File, Format Version 12.00
# Visual Studio Version 16
VisualStudioVersion = 16.0.29920.165
MinimumVisualStudioVersion = 10.0.40219.1
Project("{FAE04EC0-301F-11D3-BF4B-00C04F79EFBC}") = "IM.PresentationLayer", "IM.PresentationLayer\IM.PresentationLayer.csproj", "{3E78544B-AEFC-4E65-A842-CD826E699A6E}"
	ProjectSection(ProjectDependencies) = postProject
		{9B58021D-4B8E-4207-8D02-A6BDEFD54B0E} = {9B58021D-4B8E-4207-8D02-A6BDEFD54B0E}
		{E7632F51-9B6C-404B-8D2C-F5EA94DF23EB} = {E7632F51-9B6C-404B-8D2C-F5EA94DF23EB}
		{86333051-9227-4EBC-BD7C-D366FAD1EC2D} = {86333051-9227-4EBC-BD7C-D366FAD1EC2D}
		{69A38E8E-C773-42E1-9288-10217542516B} = {69A38E8E-C773-42E1-9288-10217542516B}
		{F3777192-6A70-40EE-A86E-89D8100F666D} = {F3777192-6A70-40EE-A86E-89D8100F666D}
	EndProjectSection
EndProject
Project("{FAE04EC0-301F-11D3-BF4B-00C04F79EFBC}") = "IM.BusinessLayer", "IM.BusinessLayer\IM.BusinessLayer.csproj", "{69A38E8E-C773-42E1-9288-10217542516B}"
EndProject
Project("{FAE04EC0-301F-11D3-BF4B-00C04F79EFBC}") = "IM.DataLayer", "IM.DataLayer\IM.DataLayer.csproj", "{E7632F51-9B6C-404B-8D2C-F5EA94DF23EB}"
EndProject
Project("{FAE04EC0-301F-11D3-BF4B-00C04F79EFBC}") = "IM.ServiceLayer", "IM.ServiceLayer\IM.ServiceLayer.csproj", "{F3777192-6A70-40EE-A86E-89D8100F666D}"
EndProject
Project("{FAE04EC0-301F-11D3-BF4B-00C04F79EFBC}") = "IM.DataAccessLayer", "IM.DataAccessLayer\IM.DataAccessLayer.csproj", "{86333051-9227-4EBC-BD7C-D366FAD1EC2D}"
EndProject
Project("{FAE04EC0-301F-11D3-BF4B-00C04F79EFBC}") = "IM.BusinessLayer.Tests", "IM.BusinessLayer.Tests\IM.BusinessLayer.Tests.csproj", "{9B58021D-4B8E-4207-8D02-A6BDEFD54B0E}"
EndProject
Global
	GlobalSection(SolutionConfigurationPlatforms) = preSolution
		Debug|Any CPU = Debug|Any CPU
		Release|Any CPU = Release|Any CPU
	EndGlobalSection
	GlobalSection(ProjectConfigurationPlatforms) = postSolution
		{3E78544B-AEFC-4E65-A842-CD826E699A6E}.Debug|Any CPU.ActiveCfg = Debug|Any CPU
		{3E78544B-AEFC-4E65-A842-CD826E699A6E}.Debug|Any CPU.Build.0 = Debug|Any CPU
		{3E78544B-AEFC-4E65-A842-CD826E699A6E}.Release|Any CPU.ActiveCfg = Release|Any CPU
		{3E78544B-AEFC-4E65-A842-CD826E699A6E}.Release|Any CPU.Build.0 = Release|Any CPU
		{69A38E8E-C773-42E1-9288-10217542516B}.Debug|Any CPU.ActiveCfg = Debug|Any CPU
		{69A38E8E-C773-42E1-9288-10217542516B}.Debug|Any CPU.Build.0 = Debug|Any CPU
		{69A38E8E-C773-42E1-9288-10217542516B}.Release|Any CPU.ActiveCfg = Release|Any CPU
		{69A38E8E-C773-42E1-9288-10217542516B}.Release|Any CPU.Build.0 = Release|Any CPU
		{E7632F51-9B6C-404B-8D2C-F5EA94DF23EB}.Debug|Any CPU.ActiveCfg = Debug|Any CPU
		{E7632F51-9B6C-404B-8D2C-F5EA94DF23EB}.Debug|Any CPU.Build.0 = Debug|Any CPU
		{E7632F51-9B6C-404B-8D2C-F5EA94DF23EB}.Release|Any CPU.ActiveCfg = Release|Any CPU
		{E7632F51-9B6C-404B-8D2C-F5EA94DF23EB}.Release|Any CPU.Build.0 = Release|Any CPU
		{F3777192-6A70-40EE-A86E-89D8100F666D}.Debug|Any CPU.ActiveCfg = Debug|Any CPU
		{F3777192-6A70-40EE-A86E-89D8100F666D}.Debug|Any CPU.Build.0 = Debug|Any CPU
		{F3777192-6A70-40EE-A86E-89D8100F666D}.Release|Any CPU.ActiveCfg = Release|Any CPU
		{F3777192-6A70-40EE-A86E-89D8100F666D}.Release|Any CPU.Build.0 = Release|Any CPU
		{86333051-9227-4EBC-BD7C-D366FAD1EC2D}.Debug|Any CPU.ActiveCfg = Debug|Any CPU
		{86333051-9227-4EBC-BD7C-D366FAD1EC2D}.Debug|Any CPU.Build.0 = Debug|Any CPU
		{86333051-9227-4EBC-BD7C-D366FAD1EC2D}.Release|Any CPU.ActiveCfg = Release|Any CPU
		{86333051-9227-4EBC-BD7C-D366FAD1EC2D}.Release|Any CPU.Build.0 = Release|Any CPU
		{9B58021D-4B8E-4207-8D02-A6BDEFD54B0E}.Debug|Any CPU.ActiveCfg = Debug|Any CPU
		{9B58021D-4B8E-4207-8D02-A6BDEFD54B0E}.Debug|Any CPU.Build.0 = Debug|Any CPU
		{9B58021D-4B8E-4207-8D02-A6BDEFD54B0E}.Release|Any CPU.ActiveCfg = Release|Any CPU
		{9B58021D-4B8E-4207-8D02-A6BDEFD54B0E}.Release|Any CPU.Build.0 = Release|Any CPU
	EndGlobalSection
	GlobalSection(SolutionProperties) = preSolution
		HideSolutionNode = FALSE
	EndGlobalSection
	GlobalSection(ExtensibilityGlobals) = postSolution
		SolutionGuid = {82D84017-469D-4A1D-9E8D-C712BBAB95EE}
	EndGlobalSection
EndGlobal
